#MicroXplorer Configuration settings - do not modify
BSP_IP_NAME=NUCLEO-U575ZI-Q
CAD.formats=
CAD.pinconfig=
CAD.provider=
CORTEX_M33_NS.userName=CORTEX_M33
File.Version=6
GPDMA1.DESTDATAWIDTH_GPDMACH1=DMA_DEST_DATAWIDTH_HALFWORD
GPDMA1.DESTINC_GPDMACH1=DMA_DINC_INCREMENTED
GPDMA1.IPHANDLE_GPDMACH1-SIMPLEREQUEST_GPDMACH1=__NULL
GPDMA1.IPParameters=SRCDATAWIDTH_GPDMACH1,DESTDATAWIDTH_GPDMACH1,DESTINC_GPDMACH1,IPHANDLE_GPDMACH1-SIMPLEREQUEST_GPDMACH1,REQUEST_GPDMACH1,PRIORITY_GPDMACH1
GPDMA1.PRIORITY_GPDMACH1=DMA_LOW_PRIORITY_MID_WEIGHT
GPDMA1.REQUEST_GPDMACH1=GPDMA1_REQUEST_SAI1_A
GPDMA1.SRCDATAWIDTH_GPDMACH1=DMA_SRC_DATAWIDTH_HALFWORD
GPIO.groupedBy=Group By Peripherals
KeepUserPlacement=false
LPUART1.BaudRate=9600
LPUART1.IPParameters=BaudRate
MMTAppRegionsCount=0
MMTConfigApplied=false
Mcu.CPN=STM32U575ZIT6Q
Mcu.ContextProject=TrustZoneDisabled
Mcu.Family=STM32U5
Mcu.IP0=CORTEX_M33_NS
Mcu.IP1=DCACHE1
Mcu.IP10=SAI1
Mcu.IP11=SYS
Mcu.IP12=USART1
Mcu.IP13=NUCLEO-U575ZI-Q
Mcu.IP2=GPDMA1
Mcu.IP3=ICACHE
Mcu.IP4=LPBAMQUEUE
Mcu.IP5=LPUART1
Mcu.IP6=MEMORYMAP
Mcu.IP7=NVIC
Mcu.IP8=PWR
Mcu.IP9=RCC
Mcu.IPNb=14
Mcu.Name=STM32U575ZITxQ
Mcu.Package=LQFP144
Mcu.Pin0=PE4
Mcu.Pin1=PE5
Mcu.Pin10=VP_DCACHE1_VS_DCACHE
Mcu.Pin11=VP_GPDMA1_VS_GPDMACH1
Mcu.Pin12=VP_ICACHE_VS_ICACHE
Mcu.Pin13=VP_LPBAMQUEUE_VS_QUEUE
Mcu.Pin14=VP_PWR_VS_DBSignals
Mcu.Pin15=VP_PWR_VS_SECSignals
Mcu.Pin16=VP_PWR_VS_LPOM
Mcu.Pin17=VP_SAI1_VP_$IpInstance_SAIA_SAI_BASIC
Mcu.Pin18=VP_SYS_VS_Systick
Mcu.Pin19=VP_MEMORYMAP_VS_MEMORYMAP
Mcu.Pin2=PE6
Mcu.Pin20=VP_STMicroelectronics.X-CUBE-AI_VS_ArtificialOoIntelligenceJjXAaCUBEAaAI_10.2.0
Mcu.Pin3=PF13
Mcu.Pin4=PE9
Mcu.Pin5=PG7
Mcu.Pin6=PG8
Mcu.Pin7=PA9
Mcu.Pin8=PA10
Mcu.Pin9=PB8
Mcu.PinsNb=21
Mcu.ThirdParty0=STMicroelectronics.X-CUBE-AI.10.2.0
Mcu.ThirdPartyNb=1
Mcu.UserConstants=
Mcu.UserName=STM32U575ZITxQ
MxCube.Version=6.15.0
MxDb.Version=DB.6.0.150
NVIC.BusFault_IRQn=true\:0\:0\:false\:false\:true\:false\:false\:false
NVIC.DebugMonitor_IRQn=true\:0\:0\:false\:false\:true\:false\:false\:false
NVIC.ForceEnableDMAVector=true
NVIC.GPDMA1_Channel1_IRQn=true\:0\:0\:false\:false\:true\:false\:true\:true
NVIC.HardFault_IRQn=true\:0\:0\:false\:false\:true\:false\:false\:false
NVIC.LPUART1_IRQn=true\:0\:0\:false\:false\:true\:true\:true\:true
NVIC.MemoryManagement_IRQn=true\:0\:0\:false\:false\:true\:false\:false\:false
NVIC.NonMaskableInt_IRQn=true\:0\:0\:false\:false\:true\:false\:false\:false
NVIC.PendSV_IRQn=true\:0\:0\:false\:false\:true\:false\:false\:false
NVIC.PriorityGroup=NVIC_PRIORITYGROUP_3
NVIC.SAI1_IRQn=true\:0\:0\:false\:false\:true\:true\:true\:true
NVIC.SVCall_IRQn=true\:0\:0\:false\:false\:true\:false\:false\:false
NVIC.SysTick_IRQn=true\:0\:0\:false\:false\:true\:false\:true\:false
NVIC.USART1_IRQn=true\:0\:0\:false\:false\:true\:true\:true\:true
NVIC.UsageFault_IRQn=true\:0\:0\:false\:false\:true\:false\:false\:false
PA10.Locked=true
PA10.Mode=Asynchronous
PA10.Signal=USART1_RX
PA9.Locked=true
PA9.Mode=Asynchronous
PA9.Signal=USART1_TX
PB8.GPIOParameters=PinState,GPIO_Label,GPIO_FM8
PB8.GPIO_FM8=__NULL
PB8.GPIO_Label=WW_DETECTED
PB8.Locked=true
PB8.PinState=GPIO_PIN_SET
PB8.Signal=GPIO_Output
PE4.GPIOParameters=GPIO_PuPd
PE4.GPIO_PuPd=GPIO_PULLUP
PE4.Mode=SAI_A_AsyncSlave
PE4.Signal=SAI1_FS_A
PE5.GPIOParameters=GPIO_PuPd
PE5.GPIO_PuPd=GPIO_PULLUP
PE5.Mode=SAI_A_AsyncSlave
PE5.Signal=SAI1_SCK_A
PE6.GPIOParameters=GPIO_PuPd
PE6.GPIO_PuPd=GPIO_PULLUP
PE6.Mode=SAI_A_AsyncSlave
PE6.Signal=SAI1_SD_A
PE9.GPIOParameters=GPIO_Speed,GPIO_Label
PE9.GPIO_Label=Processing
PE9.GPIO_Speed=GPIO_SPEED_FREQ_MEDIUM
PE9.Locked=true
PE9.Signal=GPIO_Output
PF13.GPIOParameters=GPIO_Speed,GPIO_Label
PF13.GPIO_Label=timestamp
PF13.GPIO_Speed=GPIO_SPEED_FREQ_MEDIUM
PF13.Locked=true
PF13.Signal=GPIO_Output
PG7.Locked=true
PG7.Mode=Asynchronous
PG7.Signal=LPUART1_TX
PG8.Locked=true
PG8.Mode=Asynchronous
PG8.Signal=LPUART1_RX
PWR.IPParameters=PowerMode
PWR.PowerMode=PWR_SMPS_SUPPLY
PinOutPanel.RotationAngle=0
ProjectManager.AskForMigrate=true
ProjectManager.BackupPrevious=false
ProjectManager.CompilerLinker=GCC
ProjectManager.CompilerOptimize=6
ProjectManager.ComputerToolchain=false
ProjectManager.CoupleFile=false
ProjectManager.CustomerFirmwarePackage=
ProjectManager.DefaultFWLocation=true
ProjectManager.DeletePrevious=true
ProjectManager.DeviceId=STM32U575ZITxQ
ProjectManager.FirmwarePackage=STM32Cube FW_U5 V1.2.0
ProjectManager.FreePins=false
ProjectManager.HalAssertFull=false
ProjectManager.HeapSize=0x800
ProjectManager.KeepUserCode=true
ProjectManager.LPBAM.generateCode=
ProjectManager.LastFirmware=true
ProjectManager.LibraryCopy=1
ProjectManager.MainLocation=Core/Src
ProjectManager.NoMain=false
ProjectManager.PreviousToolchain=STM32CubeIDE
ProjectManager.ProjectBuild=false
ProjectManager.ProjectFileName=NUCLEO_U575ZI_Q.ioc
ProjectManager.ProjectName=NUCLEO_U575ZI_Q
ProjectManager.ProjectStructure=
ProjectManager.RegisterCallBack=
ProjectManager.StackSize=0x800
ProjectManager.TargetToolchain=STM32CubeIDE
ProjectManager.ToolChainLocation=
ProjectManager.UAScriptAfterPath=
ProjectManager.UAScriptBeforePath=
ProjectManager.UnderRoot=true
ProjectManager.functionlistsort=1-MX_GPIO_Init-GPIO-false-HAL-true,2-SystemClock_Config-RCC-false-HAL-false,3-MX_GPDMA1_Init-GPDMA1-false-HAL-true,4-MX_DCACHE1_Init-DCACHE1-false-HAL-true,5-MX_ICACHE_Init-ICACHE-false-HAL-true,6-MX_LPUART1_UART_Init-LPUART1-false-HAL-true,7-MX_SAI1_Init-SAI1-false-HAL-true,8-MX_USART1_UART_Init-USART1-false-HAL-true,0-MX_CORTEX_M33_NS_Init-CORTEX_M33_NS-false-HAL-true,0-MX_PWR_Init-PWR-false-HAL-true
RCC.ADCFreq_Value=16000000
RCC.ADF1Freq_Value=160000000
RCC.AHBFreq_Value=160000000
RCC.APB1CLKDivider=RCC_HCLK_DIV16
RCC.APB1Freq_Value=10000000
RCC.APB1TimFreq_Value=20000000
RCC.APB2CLKDivider=RCC_HCLK_DIV4
RCC.APB2Freq_Value=40000000
RCC.APB2TimFreq_Value=80000000
RCC.APB3CLKDivider=RCC_HCLK_DIV16
RCC.APB3Freq_Value=10000000
RCC.CK48Freq_Value=48000000
RCC.CRSFreq_Value=48000000
RCC.CortexFreq_Value=20000000
RCC.Cortex_Div=SYSTICK_CLKSOURCE_HCLK_DIV8
RCC.DACCLockSelectionVirtual=RCC_DAC1CLKSOURCE_LSI
RCC.DACFreq_Value=32000
RCC.EPOD_VALUE=48000000
RCC.FCLKCortexFreq_Value=160000000
RCC.FDCANFreq_Value=80000000
RCC.FamilyName=M
RCC.HCLKFreq_Value=160000000
RCC.HSE_VALUE=16000000
RCC.HSI48_VALUE=48000000
RCC.HSI_VALUE=16000000
RCC.I2C1Freq_Value=10000000
RCC.I2C2Freq_Value=10000000
RCC.I2C3Freq_Value=10000000
RCC.I2C4Freq_Value=10000000
RCC.IPParameters=ADCFreq_Value,ADF1Freq_Value,AHBFreq_Value,APB1CLKDivider,APB1Freq_Value,APB1TimFreq_Value,APB2CLKDivider,APB2Freq_Value,APB2TimFreq_Value,APB3CLKDivider,APB3Freq_Value,CK48Freq_Value,CRSFreq_Value,CortexFreq_Value,Cortex_Div,DACCLockSelectionVirtual,DACFreq_Value,EPOD_VALUE,FCLKCortexFreq_Value,FDCANFreq_Value,FamilyName,HCLKFreq_Value,HSE_VALUE,HSI48_VALUE,HSI_VALUE,I2C1Freq_Value,I2C2Freq_Value,I2C3Freq_Value,I2C4Freq_Value,LPTIM2Freq_Value,LPUART1Freq_Value,LSCOPinFreq_Value,LSE_VALUE,LSIDIV_VALUE,LSI_VALUE,MCO1PinFreq_Value,MDF1Freq_Value,MSIClockRange,MSI_VALUE,OCTOSPIMFreq_Value,PLL1R,PLL2FRACN,PLL2M,PLL2N,PLL2P,PLL2PoutputFreq_Value,PLL2QoutputFreq_Value,PLL2RoutputFreq_Value,PLL3FRACN,PLL3PoutputFreq_Value,PLL3QoutputFreq_Value,PLL3RoutputFreq_Value,PLLFRACN,PLLM,PLLN,PLLPoutputFreq_Value,PLLQoutputFreq_Value,PLLRCLKFreq_Value,RNGFreq_Value,SAI1Freq_Value,SAI2Freq_Value,SDMMCFreq_Value,SPI1Freq_Value,SPI2Freq_Value,SPI3Freq_Value,SYSCLKFreq_VALUE,SYSCLKSource,UART4Freq_Value,UART5Freq_Value,USART1Freq_Value,USART2Freq_Value,USART3Freq_Value,USBFreq_Value,VCOInput2Freq_Value,VCOInput3Freq_Value,VCOInputFreq_Value,VCOOutputFreq_Value,VCOPLL2OutputFreq_Value,VCOPLL3OutputFreq_Value
RCC.LPTIM2Freq_Value=10000000
RCC.LPUART1Freq_Value=10000000
RCC.LSCOPinFreq_Value=32000
RCC.LSE_VALUE=32768
RCC.LSIDIV_VALUE=32000
RCC.LSI_VALUE=32000
RCC.MCO1PinFreq_Value=160000000
RCC.MDF1Freq_Value=160000000
RCC.MSIClockRange=RCC_MSIRANGE_0
RCC.MSI_VALUE=48000000
RCC.OCTOSPIMFreq_Value=160000000
RCC.PLL1R=1
RCC.PLL2FRACN=0
RCC.PLL2M=3
RCC.PLL2N=8
RCC.PLL2P=8
RCC.PLL2PoutputFreq_Value=16000000
RCC.PLL2QoutputFreq_Value=64000000
RCC.PLL2RoutputFreq_Value=64000000
RCC.PLL3FRACN=0
RCC.PLL3PoutputFreq_Value=3096000000
RCC.PLL3QoutputFreq_Value=3096000000
RCC.PLL3RoutputFreq_Value=3096000000
RCC.PLLFRACN=0
RCC.PLLM=3
RCC.PLLN=10
RCC.PLLPoutputFreq_Value=80000000
RCC.PLLQoutputFreq_Value=80000000
RCC.PLLRCLKFreq_Value=160000000
RCC.RNGFreq_Value=48000000
RCC.SAI1Freq_Value=16000000
RCC.SAI2Freq_Value=16000000
RCC.SDMMCFreq_Value=80000000
RCC.SPI1Freq_Value=160000000
RCC.SPI2Freq_Value=160000000
RCC.SPI3Freq_Value=160000000
RCC.SYSCLKFreq_VALUE=160000000
RCC.SYSCLKSource=RCC_SYSCLKSOURCE_PLLCLK
RCC.UART4Freq_Value=10000000
RCC.UART5Freq_Value=10000000
RCC.USART1Freq_Value=40000000
RCC.USART2Freq_Value=10000000
RCC.USART3Freq_Value=10000000
RCC.USBFreq_Value=48000000
RCC.VCOInput2Freq_Value=16000000
RCC.VCOInput3Freq_Value=48000000
RCC.VCOInputFreq_Value=16000000
RCC.VCOOutputFreq_Value=160000000
RCC.VCOPLL2OutputFreq_Value=128000000
RCC.VCOPLL3OutputFreq_Value=6192000000
SAI1.IPParameters=Instance-SAI_A_AsyncSlave,VirtualMode-SAI_A_AsyncSlave,InitProtocol-SAI_A_AsyncSlave,VirtualProtocol-SAI_A_BASIC
SAI1.InitProtocol-SAI_A_AsyncSlave=Enable
SAI1.Instance-SAI_A_AsyncSlave=SAI$Index_Block_A
SAI1.VirtualMode-SAI_A_AsyncSlave=VM_SLAVE
SAI1.VirtualProtocol-SAI_A_BASIC=VM_BASIC_PROTOCOL
STMicroelectronics.X-CUBE-AI.10.2.0.ActivationBufferSizeList=63912,75004,28572,6544,14944
STMicroelectronics.X-CUBE-AI.10.2.0.ActivationBuffers=pool0;pool0;pool0;pool0;pool0
STMicroelectronics.X-CUBE-AI.10.2.0.ActivationNames=pool0
STMicroelectronics.X-CUBE-AI.10.2.0.ActivationSizes=AI_NETWORK_VWW_DATA_ACTIVATION_1_SIZE
STMicroelectronics.X-CUBE-AI.10.2.0.ArtificialOoIntelligenceJjXAaCUBEAaAI_Checked=true
STMicroelectronics.X-CUBE-AI.10.2.0.HeapSize=0x800
STMicroelectronics.X-CUBE-AI.10.2.0.IPParameters=HeapSize,StackSize,ModelKind-6e1e0147a3c460cec064ece65c6ee68a616719595583bce460e03ffc6b4d4248,LatestDirectoryUsed-f81f5041ebd267de194849bf63f6caad0f61ee0edd2559d3d01b877e40435f98,ModelActualCompression-abf26730519e7d6a984b9cb4a56be037ae744206c8b0c9a4bcf95cb7859f6413,ModelStructureFile-ec385c8e0c04c383814a92e066c179f831211cb3f9ae5b5fb10b83428e2831e9,ModelRamOccupation-f81f5041ebd267de194849bf63f6caad0f61ee0edd2559d3d01b877e40435f98,ModelName-2c9fa43744daabb88d108daa043fa22099810dad5850caf263817e68c536bace,copyWeightToRam-2c9fa43744daabb88d108daa043fa22099810dad5850caf263817e68c536bace,LatestDirectoryUsed-abf26730519e7d6a984b9cb4a56be037ae744206c8b0c9a4bcf95cb7859f6413,ModelMacc-ec385c8e0c04c383814a92e066c179f831211cb3f9ae5b5fb10b83428e2831e9,ModelActualCompression-ec385c8e0c04c383814a92e066c179f831211cb3f9ae5b5fb10b83428e2831e9,ModelName-ec385c8e0c04c383814a92e066c179f831211cb3f9ae5b5fb10b83428e2831e9,MaximumNumberOfInputLayer,ModelType-f81f5041ebd267de194849bf63f6caad0f61ee0edd2559d3d01b877e40435f98,ModelStructureFile-abf26730519e7d6a984b9cb4a56be037ae744206c8b0c9a4bcf95cb7859f6413,MaximumNumberOfOutputLayer,LatestDirectoryUsed-6e1e0147a3c460cec064ece65c6ee68a616719595583bce460e03ffc6b4d4248,optimization-2c9fa43744daabb88d108daa043fa22099810dad5850caf263817e68c536bace,ReadyForCodeGeneration,customLayerConfigEnabled,useInputAllocation,ModelFlashOccupation-2c9fa43744daabb88d108daa043fa22099810dad5850caf263817e68c536bace,ModelRamOccupation-ec385c8e0c04c383814a92e066c179f831211cb3f9ae5b5fb10b83428e2831e9,InternalRamActivationBufferMaxSize,ModelMacc-abf26730519e7d6a984b9cb4a56be037ae744206c8b0c9a4bcf95cb7859f6413,ModelActualCompression-2c9fa43744daabb88d108daa043fa22099810dad5850caf263817e68c536bace,ModelName-abf26730519e7d6a984b9cb4a56be037ae744206c8b0c9a4bcf95cb7859f6413,ModelType-6e1e0147a3c460cec064ece65c6ee68a616719595583bce460e03ffc6b4d4248,extraOptions-2c9fa43744daabb88d108daa043fa22099810dad5850caf263817e68c536bace,LatestDirectoryUsed-ec385c8e0c04c383814a92e066c179f831211cb3f9ae5b5fb10b83428e2831e9,ModelStructureFile-f81f5041ebd267de194849bf63f6caad0f61ee0edd2559d3d01b877e40435f98,ModelCompression-2c9fa43744daabb88d108daa043fa22099810dad5850caf263817e68c536bace,ModelRamOccupation-6e1e0147a3c460cec064ece65c6ee68a616719595583bce460e03ffc6b4d4248,ActivationBufferSizeList,ModelMacc-2c9fa43744daabb88d108daa043fa22099810dad5850caf263817e68c536bace,ModelStructureFile-6e1e0147a3c460cec064ece65c6ee68a616719595583bce460e03ffc6b4d4248,ActivationBuffers,ModelName-f81f5041ebd267de194849bf63f6caad0f61ee0edd2559d3d01b877e40435f98,ModelType-ec385c8e0c04c383814a92e066c179f831211cb3f9ae5b5fb10b83428e2831e9,ModelCompression-abf26730519e7d6a984b9cb4a56be037ae744206c8b0c9a4bcf95cb7859f6413,ModelName-6e1e0147a3c460cec064ece65c6ee68a616719595583bce460e03ffc6b4d4248,noOnnxIoTranspose,ModelFlashOccupation-ec385c8e0c04c383814a92e066c179f831211cb3f9ae5b5fb10b83428e2831e9,useInputAllocation-2c9fa43744daabb88d108daa043fa22099810dad5850caf263817e68c536bace,optimization,ModelFlashOccupation-abf26730519e7d6a984b9cb4a56be037ae744206c8b0c9a4bcf95cb7859f6413,ModelKind-2c9fa43744daabb88d108daa043fa22099810dad5850caf263817e68c536bace,ModelKind-ec385c8e0c04c383814a92e066c179f831211cb3f9ae5b5fb10b83428e2831e9,LatestDirectoryUsed-2c9fa43744daabb88d108daa043fa22099810dad5850caf263817e68c536bace,ModelFlashOccupation-f81f5041ebd267de194849bf63f6caad0f61ee0edd2559d3d01b877e40435f98,ModelCompression-ec385c8e0c04c383814a92e066c179f831211cb3f9ae5b5fb10b83428e2831e9,useOutputAllocation-2c9fa43744daabb88d108daa043fa22099810dad5850caf263817e68c536bace,ModelKind-abf26730519e7d6a984b9cb4a56be037ae744206c8b0c9a4bcf95cb7859f6413,ModelHashList,ModelCompression-6e1e0147a3c460cec064ece65c6ee68a616719595583bce460e03ffc6b4d4248,ModelMacc-f81f5041ebd267de194849bf63f6caad0f61ee0edd2559d3d01b877e40435f98,MaximumSizeOfInputLayer,ModelActualCompression-6e1e0147a3c460cec064ece65c6ee68a616719595583bce460e03ffc6b4d4248,ModelNameList,WorkingBufferStartAddrList,noOnnxIoTranspose-2c9fa43744daabb88d108daa043fa22099810dad5850caf263817e68c536bace,ModelType-2c9fa43744daabb88d108daa043fa22099810dad5850caf263817e68c536bace,ModelRamOccupation-abf26730519e7d6a984b9cb4a56be037ae744206c8b0c9a4bcf95cb7859f6413,customLayerConfigEnabled-2c9fa43744daabb88d108daa043fa22099810dad5850caf263817e68c536bace,copyWeightToRam,ModelCompression-f81f5041ebd267de194849bf63f6caad0f61ee0edd2559d3d01b877e40435f98,MaximumSizeOfOutputLayer,ModelType-abf26730519e7d6a984b9cb4a56be037ae744206c8b0c9a4bcf95cb7859f6413,ModelFlashOccupation-6e1e0147a3c460cec064ece65c6ee68a616719595583bce460e03ffc6b4d4248,ModelKind-f81f5041ebd267de194849bf63f6caad0f61ee0edd2559d3d01b877e40435f98,ModelActualCompression-f81f5041ebd267de194849bf63f6caad0f61ee0edd2559d3d01b877e40435f98,useOutputAllocation,ModelRamOccupation-2c9fa43744daabb88d108daa043fa22099810dad5850caf263817e68c536bace,ModelMacc-6e1e0147a3c460cec064ece65c6ee68a616719595583bce460e03ffc6b4d4248,ModelStructureFile-2c9fa43744daabb88d108daa043fa22099810dad5850caf263817e68c536bace,XAaCUBEAaAICcArtificialOoIntelligenceJjCore,ModelName-836ecd4f5886cb1428622230bb87c510464858a4b4e4133225b0d1ca8fd443cf,ModelKind-836ecd4f5886cb1428622230bb87c510464858a4b4e4133225b0d1ca8fd443cf,ModelCompression-836ecd4f5886cb1428622230bb87c510464858a4b4e4133225b0d1ca8fd443cf,ModelStructureFile-836ecd4f5886cb1428622230bb87c510464858a4b4e4133225b0d1ca8fd443cf,ModelMacc-836ecd4f5886cb1428622230bb87c510464858a4b4e4133225b0d1ca8fd443cf,ModelActualCompression-836ecd4f5886cb1428622230bb87c510464858a4b4e4133225b0d1ca8fd443cf,ModelRamOccupation-836ecd4f5886cb1428622230bb87c510464858a4b4e4133225b0d1ca8fd443cf,ModelFlashOccupation-836ecd4f5886cb1428622230bb87c510464858a4b4e4133225b0d1ca8fd443cf,ModelName-fad26625120d55d05ee8ec957560e32e57f9365f6bf14b57aab692e5859488cc,ModelKind-fad26625120d55d05ee8ec957560e32e57f9365f6bf14b57aab692e5859488cc,ModelCompression-fad26625120d55d05ee8ec957560e32e57f9365f6bf14b57aab692e5859488cc,ModelStructureFile-fad26625120d55d05ee8ec957560e32e57f9365f6bf14b57aab692e5859488cc,ModelMacc-fad26625120d55d05ee8ec957560e32e57f9365f6bf14b57aab692e5859488cc,ModelActualCompression-fad26625120d55d05ee8ec957560e32e57f9365f6bf14b57aab692e5859488cc,ModelRamOccupation-fad26625120d55d05ee8ec957560e32e57f9365f6bf14b57aab692e5859488cc,ModelFlashOccupation-fad26625120d55d05ee8ec957560e32e57f9365f6bf14b57aab692e5859488cc,ModelName-4688df873a77862db913744ecf7d14583a30cecabe11b9a78c3e7fc6ea12914a,ModelKind-4688df873a77862db913744ecf7d14583a30cecabe11b9a78c3e7fc6ea12914a,ModelCompression-4688df873a77862db913744ecf7d14583a30cecabe11b9a78c3e7fc6ea12914a,ModelStructureFile-4688df873a77862db913744ecf7d14583a30cecabe11b9a78c3e7fc6ea12914a,ModelMacc-4688df873a77862db913744ecf7d14583a30cecabe11b9a78c3e7fc6ea12914a,ModelActualCompression-4688df873a77862db913744ecf7d14583a30cecabe11b9a78c3e7fc6ea12914a,ModelRamOccupation-4688df873a77862db913744ecf7d14583a30cecabe11b9a78c3e7fc6ea12914a,ModelFlashOccupation-4688df873a77862db913744ecf7d14583a30cecabe11b9a78c3e7fc6ea12914a,ModelName-b7e3430093ea819dc19e5e3ad76028b576cfff5b54382a46c0a4d6e0e501408d,ModelKind-b7e3430093ea819dc19e5e3ad76028b576cfff5b54382a46c0a4d6e0e501408d,ModelCompression-b7e3430093ea819dc19e5e3ad76028b576cfff5b54382a46c0a4d6e0e501408d,ModelStructureFile-b7e3430093ea819dc19e5e3ad76028b576cfff5b54382a46c0a4d6e0e501408d,ModelMacc-b7e3430093ea819dc19e5e3ad76028b576cfff5b54382a46c0a4d6e0e501408d,ModelActualCompression-b7e3430093ea819dc19e5e3ad76028b576cfff5b54382a46c0a4d6e0e501408d,ModelRamOccupation-b7e3430093ea819dc19e5e3ad76028b576cfff5b54382a46c0a4d6e0e501408d,ModelFlashOccupation-b7e3430093ea819dc19e5e3ad76028b576cfff5b54382a46c0a4d6e0e501408d,ModelType-836ecd4f5886cb1428622230bb87c510464858a4b4e4133225b0d1ca8fd443cf,ModelType-fad26625120d55d05ee8ec957560e32e57f9365f6bf14b57aab692e5859488cc,ModelType-4688df873a77862db913744ecf7d14583a30cecabe11b9a78c3e7fc6ea12914a,ModelType-b7e3430093ea819dc19e5e3ad76028b576cfff5b54382a46c0a4d6e0e501408d,ActivationSizes,ActivationNames
STMicroelectronics.X-CUBE-AI.10.2.0.InternalRamActivationBufferMaxSize=AI_NETWORK_VWW_DATA_ACTIVATIONS_SIZE
STMicroelectronics.X-CUBE-AI.10.2.0.LatestDirectoryUsed-2c9fa43744daabb88d108daa043fa22099810dad5850caf263817e68c536bace=C\:\\Users\\trillinr\\Documents\\BenchmarkModels
STMicroelectronics.X-CUBE-AI.10.2.0.LatestDirectoryUsed-6e1e0147a3c460cec064ece65c6ee68a616719595583bce460e03ffc6b4d4248=C\:\\Users\\trillinr\\Documents\\BenchmarkModels
STMicroelectronics.X-CUBE-AI.10.2.0.LatestDirectoryUsed-abf26730519e7d6a984b9cb4a56be037ae744206c8b0c9a4bcf95cb7859f6413=C\:\\Users\\trillinr\\Documents\\BenchmarkModels
STMicroelectronics.X-CUBE-AI.10.2.0.LatestDirectoryUsed-ec385c8e0c04c383814a92e066c179f831211cb3f9ae5b5fb10b83428e2831e9=C\:\\Users\\trillinr\\Documents\\TinyML\\tiny_master\\benchmark\\training\\streaming_wakeword\\trained_models
STMicroelectronics.X-CUBE-AI.10.2.0.LatestDirectoryUsed-f81f5041ebd267de194849bf63f6caad0f61ee0edd2559d3d01b877e40435f98=C\:\\Users\\trillinr\\Documents\\BenchmarkModels
STMicroelectronics.X-CUBE-AI.10.2.0.MaximumNumberOfInputLayer=1
STMicroelectronics.X-CUBE-AI.10.2.0.MaximumNumberOfOutputLayer=1
STMicroelectronics.X-CUBE-AI.10.2.0.MaximumSizeOfInputLayer=1
STMicroelectronics.X-CUBE-AI.10.2.0.MaximumSizeOfOutputLayer=1
STMicroelectronics.X-CUBE-AI.10.2.0.ModelActualCompression-2c9fa43744daabb88d108daa043fa22099810dad5850caf263817e68c536bace=0.0
STMicroelectronics.X-CUBE-AI.10.2.0.ModelActualCompression-4688df873a77862db913744ecf7d14583a30cecabe11b9a78c3e7fc6ea12914a=0.0
STMicroelectronics.X-CUBE-AI.10.2.0.ModelActualCompression-6e1e0147a3c460cec064ece65c6ee68a616719595583bce460e03ffc6b4d4248=0.0
STMicroelectronics.X-CUBE-AI.10.2.0.ModelActualCompression-836ecd4f5886cb1428622230bb87c510464858a4b4e4133225b0d1ca8fd443cf=0.0
STMicroelectronics.X-CUBE-AI.10.2.0.ModelActualCompression-abf26730519e7d6a984b9cb4a56be037ae744206c8b0c9a4bcf95cb7859f6413=0.0
STMicroelectronics.X-CUBE-AI.10.2.0.ModelActualCompression-b7e3430093ea819dc19e5e3ad76028b576cfff5b54382a46c0a4d6e0e501408d=0.0
STMicroelectronics.X-CUBE-AI.10.2.0.ModelActualCompression-ec385c8e0c04c383814a92e066c179f831211cb3f9ae5b5fb10b83428e2831e9=0.0
STMicroelectronics.X-CUBE-AI.10.2.0.ModelActualCompression-f81f5041ebd267de194849bf63f6caad0f61ee0edd2559d3d01b877e40435f98=0.0
STMicroelectronics.X-CUBE-AI.10.2.0.ModelActualCompression-fad26625120d55d05ee8ec957560e32e57f9365f6bf14b57aab692e5859488cc=0.0
STMicroelectronics.X-CUBE-AI.10.2.0.ModelCompression-2c9fa43744daabb88d108daa043fa22099810dad5850caf263817e68c536bace=None
STMicroelectronics.X-CUBE-AI.10.2.0.ModelCompression-4688df873a77862db913744ecf7d14583a30cecabe11b9a78c3e7fc6ea12914a=None
STMicroelectronics.X-CUBE-AI.10.2.0.ModelCompression-6e1e0147a3c460cec064ece65c6ee68a616719595583bce460e03ffc6b4d4248=None
STMicroelectronics.X-CUBE-AI.10.2.0.ModelCompression-836ecd4f5886cb1428622230bb87c510464858a4b4e4133225b0d1ca8fd443cf=None
STMicroelectronics.X-CUBE-AI.10.2.0.ModelCompression-abf26730519e7d6a984b9cb4a56be037ae744206c8b0c9a4bcf95cb7859f6413=None
STMicroelectronics.X-CUBE-AI.10.2.0.ModelCompression-b7e3430093ea819dc19e5e3ad76028b576cfff5b54382a46c0a4d6e0e501408d=None
STMicroelectronics.X-CUBE-AI.10.2.0.ModelCompression-ec385c8e0c04c383814a92e066c179f831211cb3f9ae5b5fb10b83428e2831e9=None
STMicroelectronics.X-CUBE-AI.10.2.0.ModelCompression-f81f5041ebd267de194849bf63f6caad0f61ee0edd2559d3d01b877e40435f98=None
STMicroelectronics.X-CUBE-AI.10.2.0.ModelCompression-fad26625120d55d05ee8ec957560e32e57f9365f6bf14b57aab692e5859488cc=None
STMicroelectronics.X-CUBE-AI.10.2.0.ModelFlashOccupation-2c9fa43744daabb88d108daa043fa22099810dad5850caf263817e68c536bace=133409
STMicroelectronics.X-CUBE-AI.10.2.0.ModelFlashOccupation-4688df873a77862db913744ecf7d14583a30cecabe11b9a78c3e7fc6ea12914a=287529
STMicroelectronics.X-CUBE-AI.10.2.0.ModelFlashOccupation-6e1e0147a3c460cec064ece65c6ee68a616719595583bce460e03ffc6b4d4248=42612
STMicroelectronics.X-CUBE-AI.10.2.0.ModelFlashOccupation-836ecd4f5886cb1428622230bb87c510464858a4b4e4133225b0d1ca8fd443cf=104036
STMicroelectronics.X-CUBE-AI.10.2.0.ModelFlashOccupation-abf26730519e7d6a984b9cb4a56be037ae744206c8b0c9a4bcf95cb7859f6413=24368
STMicroelectronics.X-CUBE-AI.10.2.0.ModelFlashOccupation-b7e3430093ea819dc19e5e3ad76028b576cfff5b54382a46c0a4d6e0e501408d=82928
STMicroelectronics.X-CUBE-AI.10.2.0.ModelFlashOccupation-ec385c8e0c04c383814a92e066c179f831211cb3f9ae5b5fb10b83428e2831e9=49412
STMicroelectronics.X-CUBE-AI.10.2.0.ModelFlashOccupation-f81f5041ebd267de194849bf63f6caad0f61ee0edd2559d3d01b877e40435f98=270880
STMicroelectronics.X-CUBE-AI.10.2.0.ModelFlashOccupation-fad26625120d55d05ee8ec957560e32e57f9365f6bf14b57aab692e5859488cc=69046
STMicroelectronics.X-CUBE-AI.10.2.0.ModelHashList=2c9fa43744daabb88d108daa043fa22099810dad5850caf263817e68c536bace;836ecd4f5886cb1428622230bb87c510464858a4b4e4133225b0d1ca8fd443cf;fad26625120d55d05ee8ec957560e32e57f9365f6bf14b57aab692e5859488cc;4688df873a77862db913744ecf7d14583a30cecabe11b9a78c3e7fc6ea12914a;b7e3430093ea819dc19e5e3ad76028b576cfff5b54382a46c0a4d6e0e501408d
STMicroelectronics.X-CUBE-AI.10.2.0.ModelKind-2c9fa43744daabb88d108daa043fa22099810dad5850caf263817e68c536bace=TFLITE
STMicroelectronics.X-CUBE-AI.10.2.0.ModelKind-4688df873a77862db913744ecf7d14583a30cecabe11b9a78c3e7fc6ea12914a=TFLITE
STMicroelectronics.X-CUBE-AI.10.2.0.ModelKind-6e1e0147a3c460cec064ece65c6ee68a616719595583bce460e03ffc6b4d4248=TFLITE
STMicroelectronics.X-CUBE-AI.10.2.0.ModelKind-836ecd4f5886cb1428622230bb87c510464858a4b4e4133225b0d1ca8fd443cf=TFLITE
STMicroelectronics.X-CUBE-AI.10.2.0.ModelKind-abf26730519e7d6a984b9cb4a56be037ae744206c8b0c9a4bcf95cb7859f6413=TFLITE
STMicroelectronics.X-CUBE-AI.10.2.0.ModelKind-b7e3430093ea819dc19e5e3ad76028b576cfff5b54382a46c0a4d6e0e501408d=TFLITE
STMicroelectronics.X-CUBE-AI.10.2.0.ModelKind-ec385c8e0c04c383814a92e066c179f831211cb3f9ae5b5fb10b83428e2831e9=TFLITE
STMicroelectronics.X-CUBE-AI.10.2.0.ModelKind-f81f5041ebd267de194849bf63f6caad0f61ee0edd2559d3d01b877e40435f98=TFLITE
STMicroelectronics.X-CUBE-AI.10.2.0.ModelKind-fad26625120d55d05ee8ec957560e32e57f9365f6bf14b57aab692e5859488cc=TFLITE
STMicroelectronics.X-CUBE-AI.10.2.0.ModelMacc-2c9fa43744daabb88d108daa043fa22099810dad5850caf263817e68c536bace=12534896
STMicroelectronics.X-CUBE-AI.10.2.0.ModelMacc-4688df873a77862db913744ecf7d14583a30cecabe11b9a78c3e7fc6ea12914a=265864
STMicroelectronics.X-CUBE-AI.10.2.0.ModelMacc-6e1e0147a3c460cec064ece65c6ee68a616719595583bce460e03ffc6b4d4248=4646932
STMicroelectronics.X-CUBE-AI.10.2.0.ModelMacc-836ecd4f5886cb1428622230bb87c510464858a4b4e4133225b0d1ca8fd443cf=4646932
STMicroelectronics.X-CUBE-AI.10.2.0.ModelMacc-abf26730519e7d6a984b9cb4a56be037ae744206c8b0c9a4bcf95cb7859f6413=2665536
STMicroelectronics.X-CUBE-AI.10.2.0.ModelMacc-b7e3430093ea819dc19e5e3ad76028b576cfff5b54382a46c0a4d6e0e501408d=827256
STMicroelectronics.X-CUBE-AI.10.2.0.ModelMacc-ec385c8e0c04c383814a92e066c179f831211cb3f9ae5b5fb10b83428e2831e9=827256
STMicroelectronics.X-CUBE-AI.10.2.0.ModelMacc-f81f5041ebd267de194849bf63f6caad0f61ee0edd2559d3d01b877e40435f98=265864
STMicroelectronics.X-CUBE-AI.10.2.0.ModelMacc-fad26625120d55d05ee8ec957560e32e57f9365f6bf14b57aab692e5859488cc=2665536
STMicroelectronics.X-CUBE-AI.10.2.0.ModelName-2c9fa43744daabb88d108daa043fa22099810dad5850caf263817e68c536bace=network_ic
STMicroelectronics.X-CUBE-AI.10.2.0.ModelName-4688df873a77862db913744ecf7d14583a30cecabe11b9a78c3e7fc6ea12914a=network_ad
STMicroelectronics.X-CUBE-AI.10.2.0.ModelName-6e1e0147a3c460cec064ece65c6ee68a616719595583bce460e03ffc6b4d4248=network_vww
STMicroelectronics.X-CUBE-AI.10.2.0.ModelName-836ecd4f5886cb1428622230bb87c510464858a4b4e4133225b0d1ca8fd443cf=network_vww
STMicroelectronics.X-CUBE-AI.10.2.0.ModelName-abf26730519e7d6a984b9cb4a56be037ae744206c8b0c9a4bcf95cb7859f6413=network_kws
STMicroelectronics.X-CUBE-AI.10.2.0.ModelName-b7e3430093ea819dc19e5e3ad76028b576cfff5b54382a46c0a4d6e0e501408d=sww_model
STMicroelectronics.X-CUBE-AI.10.2.0.ModelName-ec385c8e0c04c383814a92e066c179f831211cb3f9ae5b5fb10b83428e2831e9=sww_model
STMicroelectronics.X-CUBE-AI.10.2.0.ModelName-f81f5041ebd267de194849bf63f6caad0f61ee0edd2559d3d01b877e40435f98=network_ad
STMicroelectronics.X-CUBE-AI.10.2.0.ModelName-fad26625120d55d05ee8ec957560e32e57f9365f6bf14b57aab692e5859488cc=network_kws
STMicroelectronics.X-CUBE-AI.10.2.0.ModelNameList=network_ic,network_vww,network_kws,network_ad,sww_model
STMicroelectronics.X-CUBE-AI.10.2.0.ModelRamOccupation-2c9fa43744daabb88d108daa043fa22099810dad5850caf263817e68c536bace=63912
STMicroelectronics.X-CUBE-AI.10.2.0.ModelRamOccupation-4688df873a77862db913744ecf7d14583a30cecabe11b9a78c3e7fc6ea12914a=6544
STMicroelectronics.X-CUBE-AI.10.2.0.ModelRamOccupation-6e1e0147a3c460cec064ece65c6ee68a616719595583bce460e03ffc6b4d4248=58624
STMicroelectronics.X-CUBE-AI.10.2.0.ModelRamOccupation-836ecd4f5886cb1428622230bb87c510464858a4b4e4133225b0d1ca8fd443cf=75004
STMicroelectronics.X-CUBE-AI.10.2.0.ModelRamOccupation-abf26730519e7d6a984b9cb4a56be037ae744206c8b0c9a4bcf95cb7859f6413=22272
STMicroelectronics.X-CUBE-AI.10.2.0.ModelRamOccupation-b7e3430093ea819dc19e5e3ad76028b576cfff5b54382a46c0a4d6e0e501408d=14944
STMicroelectronics.X-CUBE-AI.10.2.0.ModelRamOccupation-ec385c8e0c04c383814a92e066c179f831211cb3f9ae5b5fb10b83428e2831e9=10116
STMicroelectronics.X-CUBE-AI.10.2.0.ModelRamOccupation-f81f5041ebd267de194849bf63f6caad0f61ee0edd2559d3d01b877e40435f98=2048
STMicroelectronics.X-CUBE-AI.10.2.0.ModelRamOccupation-fad26625120d55d05ee8ec957560e32e57f9365f6bf14b57aab692e5859488cc=28572
STMicroelectronics.X-CUBE-AI.10.2.0.ModelStructureFile-2c9fa43744daabb88d108daa043fa22099810dad5850caf263817e68c536bace=C\:\\Users\\trillinr\\Documents\\BenchmarkModels\\pretrainedResnet_quant.tflite
STMicroelectronics.X-CUBE-AI.10.2.0.ModelStructureFile-4688df873a77862db913744ecf7d14583a30cecabe11b9a78c3e7fc6ea12914a=C\:\\Users\\trillinr\\Documents\\BenchmarkModels\\ad01_int8.tflite
STMicroelectronics.X-CUBE-AI.10.2.0.ModelStructureFile-6e1e0147a3c460cec064ece65c6ee68a616719595583bce460e03ffc6b4d4248=C\:\\Users\\trillinr\\Documents\\BenchmarkModels\\vww_96_int8.tflite
STMicroelectronics.X-CUBE-AI.10.2.0.ModelStructureFile-836ecd4f5886cb1428622230bb87c510464858a4b4e4133225b0d1ca8fd443cf=C\:\\Users\\trillinr\\Documents\\BenchmarkModels\\vww_96_int8.tflite
STMicroelectronics.X-CUBE-AI.10.2.0.ModelStructureFile-abf26730519e7d6a984b9cb4a56be037ae744206c8b0c9a4bcf95cb7859f6413=C\:\\Users\\trillinr\\Documents\\BenchmarkModels\\kws_ref_model.tflite
STMicroelectronics.X-CUBE-AI.10.2.0.ModelStructureFile-b7e3430093ea819dc19e5e3ad76028b576cfff5b54382a46c0a4d6e0e501408d=C\:\\Users\\trillinr\\Documents\\TinyML\\tiny_master\\benchmark\\training\\streaming_wakeword\\trained_models\\str_ww_ref_model.tflite
STMicroelectronics.X-CUBE-AI.10.2.0.ModelStructureFile-ec385c8e0c04c383814a92e066c179f831211cb3f9ae5b5fb10b83428e2831e9=C\:\\Users\\trillinr\\Documents\\TinyML\\tiny_master\\benchmark\\training\\streaming_wakeword\\trained_models\\str_ww_ref_model.tflite
STMicroelectronics.X-CUBE-AI.10.2.0.ModelStructureFile-f81f5041ebd267de194849bf63f6caad0f61ee0edd2559d3d01b877e40435f98=C\:\\Users\\trillinr\\Documents\\BenchmarkModels\\ad01_int8.tflite
STMicroelectronics.X-CUBE-AI.10.2.0.ModelStructureFile-fad26625120d55d05ee8ec957560e32e57f9365f6bf14b57aab692e5859488cc=C\:\\Users\\trillinr\\Documents\\BenchmarkModels\\kws_ref_model.tflite
STMicroelectronics.X-CUBE-AI.10.2.0.ModelType-2c9fa43744daabb88d108daa043fa22099810dad5850caf263817e68c536bace=STM32Cube.AI MCU runtime
STMicroelectronics.X-CUBE-AI.10.2.0.ModelType-4688df873a77862db913744ecf7d14583a30cecabe11b9a78c3e7fc6ea12914a=STM32Cube.AI MCU runtime
STMicroelectronics.X-CUBE-AI.10.2.0.ModelType-6e1e0147a3c460cec064ece65c6ee68a616719595583bce460e03ffc6b4d4248=STM32Cube.AI MCU runtime
STMicroelectronics.X-CUBE-AI.10.2.0.ModelType-836ecd4f5886cb1428622230bb87c510464858a4b4e4133225b0d1ca8fd443cf=STM32Cube.AI MCU runtime
STMicroelectronics.X-CUBE-AI.10.2.0.ModelType-abf26730519e7d6a984b9cb4a56be037ae744206c8b0c9a4bcf95cb7859f6413=STM32Cube.AI MCU runtime
STMicroelectronics.X-CUBE-AI.10.2.0.ModelType-b7e3430093ea819dc19e5e3ad76028b576cfff5b54382a46c0a4d6e0e501408d=STM32Cube.AI MCU runtime
STMicroelectronics.X-CUBE-AI.10.2.0.ModelType-ec385c8e0c04c383814a92e066c179f831211cb3f9ae5b5fb10b83428e2831e9=STM32Cube.AI MCU runtime
STMicroelectronics.X-CUBE-AI.10.2.0.ModelType-f81f5041ebd267de194849bf63f6caad0f61ee0edd2559d3d01b877e40435f98=STM32Cube.AI MCU runtime
STMicroelectronics.X-CUBE-AI.10.2.0.ModelType-fad26625120d55d05ee8ec957560e32e57f9365f6bf14b57aab692e5859488cc=STM32Cube.AI MCU runtime
STMicroelectronics.X-CUBE-AI.10.2.0.ReadyForCodeGeneration=true
STMicroelectronics.X-CUBE-AI.10.2.0.StackSize=0x800
STMicroelectronics.X-CUBE-AI.10.2.0.WorkingBufferStartAddrList=0xFFFFFFFF,0xFFFFFFFF,0xFFFFFFFF,0xFFFFFFFF,0xFFFFFFFF
STMicroelectronics.X-CUBE-AI.10.2.0.XAaCUBEAaAICcArtificialOoIntelligenceJjCore=true
STMicroelectronics.X-CUBE-AI.10.2.0.copyWeightToRam=false
STMicroelectronics.X-CUBE-AI.10.2.0.copyWeightToRam-2c9fa43744daabb88d108daa043fa22099810dad5850caf263817e68c536bace=false
STMicroelectronics.X-CUBE-AI.10.2.0.customLayerConfigEnabled=false
STMicroelectronics.X-CUBE-AI.10.2.0.customLayerConfigEnabled-2c9fa43744daabb88d108daa043fa22099810dad5850caf263817e68c536bace=false
STMicroelectronics.X-CUBE-AI.10.2.0.extraOptions-2c9fa43744daabb88d108daa043fa22099810dad5850caf263817e68c536bace=-O time
STMicroelectronics.X-CUBE-AI.10.2.0.noOnnxIoTranspose=false
STMicroelectronics.X-CUBE-AI.10.2.0.noOnnxIoTranspose-2c9fa43744daabb88d108daa043fa22099810dad5850caf263817e68c536bace=false
STMicroelectronics.X-CUBE-AI.10.2.0.optimization=time
STMicroelectronics.X-CUBE-AI.10.2.0.optimization-2c9fa43744daabb88d108daa043fa22099810dad5850caf263817e68c536bace=time
STMicroelectronics.X-CUBE-AI.10.2.0.useInputAllocation=true
STMicroelectronics.X-CUBE-AI.10.2.0.useInputAllocation-2c9fa43744daabb88d108daa043fa22099810dad5850caf263817e68c536bace=true
STMicroelectronics.X-CUBE-AI.10.2.0.useOutputAllocation=true
STMicroelectronics.X-CUBE-AI.10.2.0.useOutputAllocation-2c9fa43744daabb88d108daa043fa22099810dad5850caf263817e68c536bace=true
STMicroelectronics.X-CUBE-AI.10.2.0_SwParameter=XAaCUBEAaAICcArtificialOoIntelligenceJjCore\:true;
USART1.BaudRate=921600
USART1.IPParameters=VirtualMode-Asynchronous,BaudRate
USART1.VirtualMode-Asynchronous=VM_ASYNC
VP_DCACHE1_VS_DCACHE.Mode=DCACHE_Activate
VP_DCACHE1_VS_DCACHE.Signal=DCACHE1_VS_DCACHE
VP_GPDMA1_VS_GPDMACH1.Mode=SIMPLEREQUEST_GPDMACH1
VP_GPDMA1_VS_GPDMACH1.Signal=GPDMA1_VS_GPDMACH1
VP_ICACHE_VS_ICACHE.Mode=DirectMappedCache
VP_ICACHE_VS_ICACHE.Signal=ICACHE_VS_ICACHE
VP_LPBAMQUEUE_VS_QUEUE.Mode=QUEUEMODE
VP_LPBAMQUEUE_VS_QUEUE.Signal=LPBAMQUEUE_VS_QUEUE
VP_MEMORYMAP_VS_MEMORYMAP.Mode=CurAppReg
VP_MEMORYMAP_VS_MEMORYMAP.Signal=MEMORYMAP_VS_MEMORYMAP
VP_PWR_VS_DBSignals.Mode=DisableDeadBatterySignals
VP_PWR_VS_DBSignals.Signal=PWR_VS_DBSignals
VP_PWR_VS_LPOM.Mode=PowerOptimisation
VP_PWR_VS_LPOM.Signal=PWR_VS_LPOM
VP_PWR_VS_SECSignals.Mode=Security/Privilege
VP_PWR_VS_SECSignals.Signal=PWR_VS_SECSignals
VP_SAI1_VP_$IpInstance_SAIA_SAI_BASIC.Mode=SAI_A_BASIC
VP_SAI1_VP_$IpInstance_SAIA_SAI_BASIC.Signal=SAI1_VP_$IpInstance_SAIA_SAI_BASIC
VP_STMicroelectronics.X-CUBE-AI_VS_ArtificialOoIntelligenceJjXAaCUBEAaAI_10.2.0.Mode=ArtificialOoIntelligenceJjXAaCUBEAaAI
VP_STMicroelectronics.X-CUBE-AI_VS_ArtificialOoIntelligenceJjXAaCUBEAaAI_10.2.0.Signal=STMicroelectronics.X-CUBE-AI_VS_ArtificialOoIntelligenceJjXAaCUBEAaAI_10.2.0
VP_SYS_VS_Systick.Mode=SysTick
VP_SYS_VS_Systick.Signal=SYS_VS_Systick
board=NUCLEO-U575ZI-Q
boardIOC=true
