#MicroXplorer Configuration settings - do not modify
BSP_IP_NAME=NUCLEO-H7A3ZI-Q
CAD.formats=
CAD.pinconfig=
CAD.provider=
CORTEX_M7.CPU_DCache=Enabled
CORTEX_M7.CPU_ICache=Enabled
CORTEX_M7.IPParameters=CPU_ICache,CPU_DCache
Dma.Request0=SAI1_A
Dma.RequestsNb=1
Dma.SAI1_A.0.Direction=DMA_PERIPH_TO_MEMORY
Dma.SAI1_A.0.EventEnable=DISABLE
Dma.SAI1_A.0.FIFOMode=DMA_FIFOMODE_DISABLE
Dma.SAI1_A.0.Instance=DMA1_Stream0
Dma.SAI1_A.0.MemDataAlignment=DMA_MDATAALIGN_HALFWORD
Dma.SAI1_A.0.MemInc=DMA_MINC_ENABLE
Dma.SAI1_A.0.Mode=DMA_NORMAL
Dma.SAI1_A.0.PeriphDataAlignment=DMA_PDATAALIGN_HALFWORD
Dma.SAI1_A.0.PeriphInc=DMA_PINC_DISABLE
Dma.SAI1_A.0.Polarity=HAL_DMAMUX_REQ_GEN_RISING
Dma.SAI1_A.0.Priority=DMA_PRIORITY_MEDIUM
Dma.SAI1_A.0.RequestNumber=1
Dma.SAI1_A.0.RequestParameters=Instance,Direction,PeriphInc,MemInc,PeriphDataAlignment,MemDataAlignment,Mode,Priority,FIFOMode,SignalID,Polarity,RequestNumber,SyncSignalID,SyncPolarity,SyncEnable,EventEnable,SyncRequestNumber
Dma.SAI1_A.0.SignalID=NONE
Dma.SAI1_A.0.SyncEnable=DISABLE
Dma.SAI1_A.0.SyncPolarity=HAL_DMAMUX_SYNC_NO_EVENT
Dma.SAI1_A.0.SyncRequestNumber=1
Dma.SAI1_A.0.SyncSignalID=NONE
File.Version=6
GPIO.groupedBy=Group By Peripherals
KeepUserPlacement=false
MMTAppRegionsCount=0
MMTConfigApplied=false
Mcu.CPN=STM32H7A3ZIT6Q
Mcu.Family=STM32H7
Mcu.IP0=CORTEX_M7
Mcu.IP1=DMA
Mcu.IP2=MEMORYMAP
Mcu.IP3=NVIC
Mcu.IP4=RCC
Mcu.IP5=SAI1
Mcu.IP6=SYS
Mcu.IP7=USART1
Mcu.IP8=USART3
Mcu.IP9=NUCLEO-H7A3ZI-Q
Mcu.IPNb=10
Mcu.Name=STM32H7A3Z(G-I)TxQ
Mcu.Package=LQFP144
Mcu.Pin0=PE4
Mcu.Pin1=PE5
Mcu.Pin10=VP_SAI1_VP_$IpInstance_SAIA_SAI_BASIC
Mcu.Pin11=VP_SYS_VS_Systick
Mcu.Pin12=VP_MEMORYMAP_VS_MEMORYMAP
Mcu.Pin13=VP_STMicroelectronics.X-CUBE-AI_VS_ArtificialOoIntelligenceJjXAaCUBEAaAI_10.2.0
Mcu.Pin2=PE6
Mcu.Pin3=PD8
Mcu.Pin4=PD9
Mcu.Pin5=PA8
Mcu.Pin6=PG12
Mcu.Pin7=PB6
Mcu.Pin8=PB7
Mcu.Pin9=PB8
Mcu.PinsNb=14
Mcu.ThirdParty0=STMicroelectronics.X-CUBE-AI.10.2.0
Mcu.ThirdPartyNb=1
Mcu.UserConstants=
Mcu.UserName=STM32H7A3ZITxQ
MxCube.Version=6.15.0
MxDb.Version=DB.6.0.150
NVIC.BusFault_IRQn=true\:0\:0\:false\:false\:true\:false\:false\:false
NVIC.DMA1_Stream0_IRQn=true\:0\:0\:false\:false\:true\:false\:true\:true
NVIC.DebugMonitor_IRQn=true\:0\:0\:false\:false\:true\:false\:false\:false
NVIC.ForceEnableDMAVector=true
NVIC.HardFault_IRQn=true\:0\:0\:false\:false\:true\:false\:false\:false
NVIC.MemoryManagement_IRQn=true\:0\:0\:false\:false\:true\:false\:false\:false
NVIC.NonMaskableInt_IRQn=true\:0\:0\:false\:false\:true\:false\:false\:false
NVIC.PendSV_IRQn=true\:0\:0\:false\:false\:true\:false\:false\:false
NVIC.PriorityGroup=NVIC_PRIORITYGROUP_4
NVIC.SAI1_IRQn=true\:0\:0\:false\:false\:true\:true\:true\:true
NVIC.SVCall_IRQn=true\:0\:0\:false\:false\:true\:false\:false\:false
NVIC.SysTick_IRQn=true\:0\:0\:false\:false\:true\:false\:true\:false
NVIC.USART1_IRQn=true\:0\:0\:false\:false\:true\:true\:true\:true
NVIC.USART3_IRQn=true\:0\:0\:false\:false\:true\:true\:true\:true
NVIC.UsageFault_IRQn=true\:0\:0\:false\:false\:true\:false\:false\:false
PA8.GPIOParameters=GPIO_Speed,GPIO_Label
PA8.GPIO_Label=Processing
PA8.GPIO_Speed=GPIO_SPEED_FREQ_MEDIUM
PA8.Locked=true
PA8.Signal=GPIO_Output
PB6.Locked=true
PB6.Mode=Asynchronous
PB6.Signal=USART1_TX
PB7.Locked=true
PB7.Mode=Asynchronous
PB7.Signal=USART1_RX
PB8.GPIOParameters=PinState,GPIO_Label
PB8.GPIO_Label=WW_DETECTED
PB8.Locked=true
PB8.PinState=GPIO_PIN_SET
PB8.Signal=GPIO_Output
PD8.Locked=true
PD8.Mode=Asynchronous
PD8.Signal=USART3_TX
PD9.Locked=true
PD9.Mode=Asynchronous
PD9.Signal=USART3_RX
PE4.GPIOParameters=GPIO_PuPd
PE4.GPIO_PuPd=GPIO_PULLUP
PE4.Mode=SAI_A_AsyncSlave
PE4.Signal=SAI1_FS_A
PE5.GPIOParameters=GPIO_PuPd
PE5.GPIO_PuPd=GPIO_PULLUP
PE5.Mode=SAI_A_AsyncSlave
PE5.Signal=SAI1_SCK_A
PE6.GPIOParameters=GPIO_PuPd
PE6.GPIO_PuPd=GPIO_PULLUP
PE6.Mode=SAI_A_AsyncSlave
PE6.Signal=SAI1_SD_A
PG12.GPIOParameters=GPIO_Speed,GPIO_Label
PG12.GPIO_Label=timestamp
PG12.GPIO_Speed=GPIO_SPEED_FREQ_MEDIUM
PG12.Locked=true
PG12.Signal=GPIO_Output
PinOutPanel.RotationAngle=0
ProjectManager.AskForMigrate=true
ProjectManager.BackupPrevious=false
ProjectManager.CompilerLinker=GCC
ProjectManager.CompilerOptimize=6
ProjectManager.ComputerToolchain=false
ProjectManager.CoupleFile=false
ProjectManager.CustomerFirmwarePackage=
ProjectManager.DefaultFWLocation=true
ProjectManager.DeletePrevious=true
ProjectManager.DeviceId=STM32H7A3ZITxQ
ProjectManager.FirmwarePackage=STM32Cube FW_H7 V1.12.1
ProjectManager.FreePins=false
ProjectManager.HalAssertFull=false
ProjectManager.HeapSize=0x800
ProjectManager.KeepUserCode=true
ProjectManager.LastFirmware=true
ProjectManager.LibraryCopy=1
ProjectManager.MainLocation=Core/Src
ProjectManager.NoMain=false
ProjectManager.PreviousToolchain=STM32CubeIDE
ProjectManager.ProjectBuild=false
ProjectManager.ProjectFileName=NUCLEO_H7A3ZI_Q.ioc
ProjectManager.ProjectName=NUCLEO_H7A3ZI_Q
ProjectManager.ProjectStructure=
ProjectManager.RegisterCallBack=
ProjectManager.StackSize=0x800
ProjectManager.TargetToolchain=STM32CubeIDE
ProjectManager.ToolChainLocation=
ProjectManager.UAScriptAfterPath=
ProjectManager.UAScriptBeforePath=
ProjectManager.UnderRoot=true
ProjectManager.functionlistsort=1-MX_GPIO_Init-GPIO-false-HAL-true,2-SystemClock_Config-RCC-false-HAL-false,3-MX_DMA_Init-DMA-false-HAL-true,4-MX_CRC_Init-CRC-false-HAL-true,5-MX_USART3_UART_Init-USART3-false-HAL-true,6-MX_USART1_UART_Init-USART1-false-HAL-true,7-MX_SAI1_Init-SAI1-false-HAL-true,0-MX_CORTEX_M7_Init-CORTEX_M7-false-HAL-true
RCC.ADCFreq_Value=129000000
RCC.AHB12Freq_Value=280000000
RCC.AHB4Freq_Value=280000000
RCC.APB1Freq_Value=17500000
RCC.APB2Freq_Value=17500000
RCC.APB3Freq_Value=17500000
RCC.APB4Freq_Value=17500000
RCC.AXIClockFreq_Value=280000000
RCC.CDCPREFreq_Value=280000000
RCC.CDPPRE=RCC_APB3_DIV16
RCC.CDPPRE1=RCC_APB1_DIV16
RCC.CDPPRE2=RCC_APB2_DIV16
RCC.CECFreq_Value=32000
RCC.CKPERFreq_Value=64000000
RCC.CortexFreq_Value=35000000
RCC.Cortex_Div=SYSTICK_CLKSOURCE_HCLK_DIV8
RCC.CpuClockFreq_Value=280000000
RCC.DAC1Freq_Value=32000
RCC.DAC2Freq_Value=32000
RCC.DFSDM2ACLkFreq_Value=17500000
RCC.DFSDM2Freq_Value=17500000
RCC.DFSDMACLkFreq_Value=16000000
RCC.DFSDMFreq_Value=17500000
RCC.DIVM1=4
RCC.DIVM3=1
RCC.DIVN1=35
RCC.DIVN3=24
RCC.DIVP1Freq_Value=280000000
RCC.DIVP2Freq_Value=129000000
RCC.DIVP3Freq_Value=768000000
RCC.DIVQ1=35
RCC.DIVQ1Freq_Value=16000000
RCC.DIVQ2Freq_Value=129000000
RCC.DIVQ3=4
RCC.DIVQ3Freq_Value=384000000
RCC.DIVR1Freq_Value=280000000
RCC.DIVR2Freq_Value=129000000
RCC.DIVR3Freq_Value=768000000
RCC.FDCANFreq_Value=16000000
RCC.FMCFreq_Value=280000000
RCC.FamilyName=M
RCC.HCLK3ClockFreq_Value=280000000
RCC.HCLKFreq_Value=280000000
RCC.HSE_VALUE=8000000
RCC.I2C123Freq_Value=17500000
RCC.I2C4Freq_Value=17500000
RCC.IPParameters=ADCFreq_Value,AHB12Freq_Value,AHB4Freq_Value,APB1Freq_Value,APB2Freq_Value,APB3Freq_Value,APB4Freq_Value,AXIClockFreq_Value,CDCPREFreq_Value,CDPPRE,CDPPRE1,CDPPRE2,CECFreq_Value,CKPERFreq_Value,CortexFreq_Value,Cortex_Div,CpuClockFreq_Value,DAC1Freq_Value,DAC2Freq_Value,DFSDM2ACLkFreq_Value,DFSDM2Freq_Value,DFSDMACLkFreq_Value,DFSDMFreq_Value,DIVM1,DIVM3,DIVN1,DIVN3,DIVP1Freq_Value,DIVP2Freq_Value,DIVP3Freq_Value,DIVQ1,DIVQ1Freq_Value,DIVQ2Freq_Value,DIVQ3,DIVQ3Freq_Value,DIVR1Freq_Value,DIVR2Freq_Value,DIVR3Freq_Value,FDCANFreq_Value,FMCFreq_Value,FamilyName,HCLK3ClockFreq_Value,HCLKFreq_Value,HSE_VALUE,I2C123Freq_Value,I2C4Freq_Value,LPTIM1Freq_Value,LPTIM2Freq_Value,LPTIM345Freq_Value,LPUART1Freq_Value,LTDCFreq_Value,MCO1PinFreq_Value,MCO2PinFreq_Value,PLLFRACN,QSPIFreq_Value,RNGFreq_Value,RTCFreq_Value,SAI1Freq_Value,SAI2AFreq_Value,SAI2BFreq_Value,SDMMCFreq_Value,SPDIFRXFreq_Value,SPI123Freq_Value,SPI45Freq_Value,SPI6Freq_Value,SRDPPRE,SWPMI1Freq_Value,SYSCLKFreq_VALUE,SYSCLKSource,SupplySource,Tim1OutputFreq_Value,Tim2OutputFreq_Value,TraceFreq_Value,USART16Freq_Value,USART234578Freq_Value,USBCLockSelection,USBFreq_Value,VCO1OutputFreq_Value,VCO2OutputFreq_Value,VCO3OutputFreq_Value,VCOInput1Freq_Value,VCOInput2Freq_Value,VCOInput3Freq_Value,VDD_VALUE
RCC.LPTIM1Freq_Value=17500000
RCC.LPTIM2Freq_Value=17500000
RCC.LPTIM345Freq_Value=17500000
RCC.LPUART1Freq_Value=17500000
RCC.LTDCFreq_Value=768000000
RCC.MCO1PinFreq_Value=64000000
RCC.MCO2PinFreq_Value=280000000
RCC.PLLFRACN=0
RCC.QSPIFreq_Value=280000000
RCC.RNGFreq_Value=48000000
RCC.RTCFreq_Value=32000
RCC.SAI1Freq_Value=16000000
RCC.SAI2AFreq_Value=16000000
RCC.SAI2BFreq_Value=16000000
RCC.SDMMCFreq_Value=16000000
RCC.SPDIFRXFreq_Value=16000000
RCC.SPI123Freq_Value=16000000
RCC.SPI45Freq_Value=17500000
RCC.SPI6Freq_Value=17500000
RCC.SRDPPRE=RCC_APB4_DIV16
RCC.SWPMI1Freq_Value=17500000
RCC.SYSCLKFreq_VALUE=280000000
RCC.SYSCLKSource=RCC_SYSCLKSOURCE_PLLCLK
RCC.SupplySource=PWR_DIRECT_SMPS_SUPPLY
RCC.Tim1OutputFreq_Value=35000000
RCC.Tim2OutputFreq_Value=35000000
RCC.TraceFreq_Value=64000000
RCC.USART16Freq_Value=17500000
RCC.USART234578Freq_Value=17500000
RCC.USBCLockSelection=RCC_USBCLKSOURCE_PLL3
RCC.USBFreq_Value=384000000
RCC.VCO1OutputFreq_Value=560000000
RCC.VCO2OutputFreq_Value=258000000
RCC.VCO3OutputFreq_Value=1536000000
RCC.VCOInput1Freq_Value=16000000
RCC.VCOInput2Freq_Value=2000000
RCC.VCOInput3Freq_Value=64000000
RCC.VDD_VALUE=3
SAI1.IPParameters=Instance-SAI_A_AsyncSlave,VirtualMode-SAI_A_AsyncSlave,InitProtocol-SAI_A_AsyncSlave,VirtualProtocol-SAI_A_BASIC
SAI1.InitProtocol-SAI_A_AsyncSlave=Enable
SAI1.Instance-SAI_A_AsyncSlave=SAI$Index_Block_A
SAI1.VirtualMode-SAI_A_AsyncSlave=VM_SLAVE
SAI1.VirtualProtocol-SAI_A_BASIC=VM_BASIC_PROTOCOL
STMicroelectronics.X-CUBE-AI.10.2.0.ActivationBufferSizeList=63912,75004,28572,6544,14944
STMicroelectronics.X-CUBE-AI.10.2.0.ActivationBuffers=pool0;pool0;pool0;pool0;pool0
STMicroelectronics.X-CUBE-AI.10.2.0.ActivationNames=pool0
STMicroelectronics.X-CUBE-AI.10.2.0.ActivationSizes=AI_NETWORK_VWW_DATA_ACTIVATION_1_SIZE
STMicroelectronics.X-CUBE-AI.10.2.0.ArtificialOoIntelligenceJjXAaCUBEAaAI_Checked=true
STMicroelectronics.X-CUBE-AI.10.2.0.HeapSize=0x800
STMicroelectronics.X-CUBE-AI.10.2.0.IPParameters=XAaCUBEAaAICcArtificialOoIntelligenceJjCore,HeapSize,StackSize,ModelName-09395270d48c093b00f9a85af8a65a51b534c16785e9cc539d830e57bbe9d555,ModelKind-09395270d48c093b00f9a85af8a65a51b534c16785e9cc539d830e57bbe9d555,ModelCompression-09395270d48c093b00f9a85af8a65a51b534c16785e9cc539d830e57bbe9d555,ModelHashList,ModelNameList,WorkingBufferStartAddrList,ModelStructureFile-09395270d48c093b00f9a85af8a65a51b534c16785e9cc539d830e57bbe9d555,ModelMacc-09395270d48c093b00f9a85af8a65a51b534c16785e9cc539d830e57bbe9d555,ModelActualCompression-09395270d48c093b00f9a85af8a65a51b534c16785e9cc539d830e57bbe9d555,ModelRamOccupation-09395270d48c093b00f9a85af8a65a51b534c16785e9cc539d830e57bbe9d555,ModelFlashOccupation-09395270d48c093b00f9a85af8a65a51b534c16785e9cc539d830e57bbe9d555,ModelName-1560093f6077ce130ddd88a6a33b52dd670d45236f030c1e4fddce49a8ce8c29,ModelKind-1560093f6077ce130ddd88a6a33b52dd670d45236f030c1e4fddce49a8ce8c29,ModelCompression-1560093f6077ce130ddd88a6a33b52dd670d45236f030c1e4fddce49a8ce8c29,ModelStructureFile-1560093f6077ce130ddd88a6a33b52dd670d45236f030c1e4fddce49a8ce8c29,ModelMacc-1560093f6077ce130ddd88a6a33b52dd670d45236f030c1e4fddce49a8ce8c29,ModelActualCompression-1560093f6077ce130ddd88a6a33b52dd670d45236f030c1e4fddce49a8ce8c29,ModelRamOccupation-1560093f6077ce130ddd88a6a33b52dd670d45236f030c1e4fddce49a8ce8c29,ModelFlashOccupation-1560093f6077ce130ddd88a6a33b52dd670d45236f030c1e4fddce49a8ce8c29,ModelName-9eb4f3a6b8438f247ccbd07c82197e52e170eb49621bce23885e75a5ca7a0840,ModelKind-9eb4f3a6b8438f247ccbd07c82197e52e170eb49621bce23885e75a5ca7a0840,ModelCompression-9eb4f3a6b8438f247ccbd07c82197e52e170eb49621bce23885e75a5ca7a0840,ModelStructureFile-9eb4f3a6b8438f247ccbd07c82197e52e170eb49621bce23885e75a5ca7a0840,ModelMacc-9eb4f3a6b8438f247ccbd07c82197e52e170eb49621bce23885e75a5ca7a0840,ModelActualCompression-9eb4f3a6b8438f247ccbd07c82197e52e170eb49621bce23885e75a5ca7a0840,ModelRamOccupation-9eb4f3a6b8438f247ccbd07c82197e52e170eb49621bce23885e75a5ca7a0840,ModelFlashOccupation-9eb4f3a6b8438f247ccbd07c82197e52e170eb49621bce23885e75a5ca7a0840,ModelName-015a5403f04b39c68288f1907715f7fcd9a2b66544d6d13e6506360da4f69fe1,ModelKind-015a5403f04b39c68288f1907715f7fcd9a2b66544d6d13e6506360da4f69fe1,ModelCompression-015a5403f04b39c68288f1907715f7fcd9a2b66544d6d13e6506360da4f69fe1,ModelStructureFile-015a5403f04b39c68288f1907715f7fcd9a2b66544d6d13e6506360da4f69fe1,ModelMacc-015a5403f04b39c68288f1907715f7fcd9a2b66544d6d13e6506360da4f69fe1,ModelActualCompression-015a5403f04b39c68288f1907715f7fcd9a2b66544d6d13e6506360da4f69fe1,ModelRamOccupation-015a5403f04b39c68288f1907715f7fcd9a2b66544d6d13e6506360da4f69fe1,ModelFlashOccupation-015a5403f04b39c68288f1907715f7fcd9a2b66544d6d13e6506360da4f69fe1,ModelName-31f87c26dcb2291289d7961403921ec252d71589bf2aff17d48427e247d372f4,ModelKind-31f87c26dcb2291289d7961403921ec252d71589bf2aff17d48427e247d372f4,ModelCompression-31f87c26dcb2291289d7961403921ec252d71589bf2aff17d48427e247d372f4,ModelStructureFile-31f87c26dcb2291289d7961403921ec252d71589bf2aff17d48427e247d372f4,ModelMacc-31f87c26dcb2291289d7961403921ec252d71589bf2aff17d48427e247d372f4,ModelActualCompression-31f87c26dcb2291289d7961403921ec252d71589bf2aff17d48427e247d372f4,ModelRamOccupation-31f87c26dcb2291289d7961403921ec252d71589bf2aff17d48427e247d372f4,ModelFlashOccupation-31f87c26dcb2291289d7961403921ec252d71589bf2aff17d48427e247d372f4,ModelType-09395270d48c093b00f9a85af8a65a51b534c16785e9cc539d830e57bbe9d555,copyWeightToRam,useInputAllocation,useOutputAllocation,customLayerConfigEnabled,optimization,noOnnxIoTranspose,ModelType-1560093f6077ce130ddd88a6a33b52dd670d45236f030c1e4fddce49a8ce8c29,ModelType-9eb4f3a6b8438f247ccbd07c82197e52e170eb49621bce23885e75a5ca7a0840,ModelType-015a5403f04b39c68288f1907715f7fcd9a2b66544d6d13e6506360da4f69fe1,ModelType-31f87c26dcb2291289d7961403921ec252d71589bf2aff17d48427e247d372f4,ActivationBuffers,ActivationSizes,ActivationNames,InternalRamActivationBufferMaxSize,ActivationBufferSizeList,MaximumNumberOfInputLayer,MaximumNumberOfOutputLayer,MaximumSizeOfInputLayer,MaximumSizeOfOutputLayer,ReadyForCodeGeneration
STMicroelectronics.X-CUBE-AI.10.2.0.InternalRamActivationBufferMaxSize=AI_NETWORK_VWW_DATA_ACTIVATIONS_SIZE
STMicroelectronics.X-CUBE-AI.10.2.0.MaximumNumberOfInputLayer=1
STMicroelectronics.X-CUBE-AI.10.2.0.MaximumNumberOfOutputLayer=1
STMicroelectronics.X-CUBE-AI.10.2.0.MaximumSizeOfInputLayer=1
STMicroelectronics.X-CUBE-AI.10.2.0.MaximumSizeOfOutputLayer=1
STMicroelectronics.X-CUBE-AI.10.2.0.ModelActualCompression-015a5403f04b39c68288f1907715f7fcd9a2b66544d6d13e6506360da4f69fe1=0.0
STMicroelectronics.X-CUBE-AI.10.2.0.ModelActualCompression-09395270d48c093b00f9a85af8a65a51b534c16785e9cc539d830e57bbe9d555=0.0
STMicroelectronics.X-CUBE-AI.10.2.0.ModelActualCompression-1560093f6077ce130ddd88a6a33b52dd670d45236f030c1e4fddce49a8ce8c29=0.0
STMicroelectronics.X-CUBE-AI.10.2.0.ModelActualCompression-31f87c26dcb2291289d7961403921ec252d71589bf2aff17d48427e247d372f4=0.0
STMicroelectronics.X-CUBE-AI.10.2.0.ModelActualCompression-9eb4f3a6b8438f247ccbd07c82197e52e170eb49621bce23885e75a5ca7a0840=0.0
STMicroelectronics.X-CUBE-AI.10.2.0.ModelCompression-015a5403f04b39c68288f1907715f7fcd9a2b66544d6d13e6506360da4f69fe1=None
STMicroelectronics.X-CUBE-AI.10.2.0.ModelCompression-09395270d48c093b00f9a85af8a65a51b534c16785e9cc539d830e57bbe9d555=None
STMicroelectronics.X-CUBE-AI.10.2.0.ModelCompression-1560093f6077ce130ddd88a6a33b52dd670d45236f030c1e4fddce49a8ce8c29=None
STMicroelectronics.X-CUBE-AI.10.2.0.ModelCompression-31f87c26dcb2291289d7961403921ec252d71589bf2aff17d48427e247d372f4=None
STMicroelectronics.X-CUBE-AI.10.2.0.ModelCompression-9eb4f3a6b8438f247ccbd07c82197e52e170eb49621bce23885e75a5ca7a0840=None
STMicroelectronics.X-CUBE-AI.10.2.0.ModelFlashOccupation-015a5403f04b39c68288f1907715f7fcd9a2b66544d6d13e6506360da4f69fe1=284509
STMicroelectronics.X-CUBE-AI.10.2.0.ModelFlashOccupation-09395270d48c093b00f9a85af8a65a51b534c16785e9cc539d830e57bbe9d555=129141
STMicroelectronics.X-CUBE-AI.10.2.0.ModelFlashOccupation-1560093f6077ce130ddd88a6a33b52dd670d45236f030c1e4fddce49a8ce8c29=99892
STMicroelectronics.X-CUBE-AI.10.2.0.ModelFlashOccupation-31f87c26dcb2291289d7961403921ec252d71589bf2aff17d48427e247d372f4=79692
STMicroelectronics.X-CUBE-AI.10.2.0.ModelFlashOccupation-9eb4f3a6b8438f247ccbd07c82197e52e170eb49621bce23885e75a5ca7a0840=64786
STMicroelectronics.X-CUBE-AI.10.2.0.ModelHashList=09395270d48c093b00f9a85af8a65a51b534c16785e9cc539d830e57bbe9d555;1560093f6077ce130ddd88a6a33b52dd670d45236f030c1e4fddce49a8ce8c29;9eb4f3a6b8438f247ccbd07c82197e52e170eb49621bce23885e75a5ca7a0840;015a5403f04b39c68288f1907715f7fcd9a2b66544d6d13e6506360da4f69fe1;31f87c26dcb2291289d7961403921ec252d71589bf2aff17d48427e247d372f4
STMicroelectronics.X-CUBE-AI.10.2.0.ModelKind-015a5403f04b39c68288f1907715f7fcd9a2b66544d6d13e6506360da4f69fe1=TFLITE
STMicroelectronics.X-CUBE-AI.10.2.0.ModelKind-09395270d48c093b00f9a85af8a65a51b534c16785e9cc539d830e57bbe9d555=TFLITE
STMicroelectronics.X-CUBE-AI.10.2.0.ModelKind-1560093f6077ce130ddd88a6a33b52dd670d45236f030c1e4fddce49a8ce8c29=TFLITE
STMicroelectronics.X-CUBE-AI.10.2.0.ModelKind-31f87c26dcb2291289d7961403921ec252d71589bf2aff17d48427e247d372f4=TFLITE
STMicroelectronics.X-CUBE-AI.10.2.0.ModelKind-9eb4f3a6b8438f247ccbd07c82197e52e170eb49621bce23885e75a5ca7a0840=TFLITE
STMicroelectronics.X-CUBE-AI.10.2.0.ModelMacc-015a5403f04b39c68288f1907715f7fcd9a2b66544d6d13e6506360da4f69fe1=265864
STMicroelectronics.X-CUBE-AI.10.2.0.ModelMacc-09395270d48c093b00f9a85af8a65a51b534c16785e9cc539d830e57bbe9d555=12534896
STMicroelectronics.X-CUBE-AI.10.2.0.ModelMacc-1560093f6077ce130ddd88a6a33b52dd670d45236f030c1e4fddce49a8ce8c29=4646932
STMicroelectronics.X-CUBE-AI.10.2.0.ModelMacc-31f87c26dcb2291289d7961403921ec252d71589bf2aff17d48427e247d372f4=827256
STMicroelectronics.X-CUBE-AI.10.2.0.ModelMacc-9eb4f3a6b8438f247ccbd07c82197e52e170eb49621bce23885e75a5ca7a0840=2665536
STMicroelectronics.X-CUBE-AI.10.2.0.ModelName-015a5403f04b39c68288f1907715f7fcd9a2b66544d6d13e6506360da4f69fe1=network_ad
STMicroelectronics.X-CUBE-AI.10.2.0.ModelName-09395270d48c093b00f9a85af8a65a51b534c16785e9cc539d830e57bbe9d555=network_ic
STMicroelectronics.X-CUBE-AI.10.2.0.ModelName-1560093f6077ce130ddd88a6a33b52dd670d45236f030c1e4fddce49a8ce8c29=network_vww
STMicroelectronics.X-CUBE-AI.10.2.0.ModelName-31f87c26dcb2291289d7961403921ec252d71589bf2aff17d48427e247d372f4=sww_model
STMicroelectronics.X-CUBE-AI.10.2.0.ModelName-9eb4f3a6b8438f247ccbd07c82197e52e170eb49621bce23885e75a5ca7a0840=network_kws
STMicroelectronics.X-CUBE-AI.10.2.0.ModelNameList=network_ic,network_vww,network_kws,network_ad,sww_model
STMicroelectronics.X-CUBE-AI.10.2.0.ModelRamOccupation-015a5403f04b39c68288f1907715f7fcd9a2b66544d6d13e6506360da4f69fe1=6544
STMicroelectronics.X-CUBE-AI.10.2.0.ModelRamOccupation-09395270d48c093b00f9a85af8a65a51b534c16785e9cc539d830e57bbe9d555=63912
STMicroelectronics.X-CUBE-AI.10.2.0.ModelRamOccupation-1560093f6077ce130ddd88a6a33b52dd670d45236f030c1e4fddce49a8ce8c29=75004
STMicroelectronics.X-CUBE-AI.10.2.0.ModelRamOccupation-31f87c26dcb2291289d7961403921ec252d71589bf2aff17d48427e247d372f4=14944
STMicroelectronics.X-CUBE-AI.10.2.0.ModelRamOccupation-9eb4f3a6b8438f247ccbd07c82197e52e170eb49621bce23885e75a5ca7a0840=28572
STMicroelectronics.X-CUBE-AI.10.2.0.ModelStructureFile-015a5403f04b39c68288f1907715f7fcd9a2b66544d6d13e6506360da4f69fe1=C\:\\Users\\trillinr\\Documents\\BenchmarkModels\\ad01_int8.tflite
STMicroelectronics.X-CUBE-AI.10.2.0.ModelStructureFile-09395270d48c093b00f9a85af8a65a51b534c16785e9cc539d830e57bbe9d555=C\:\\Users\\trillinr\\Documents\\BenchmarkModels\\pretrainedResnet_quant.tflite
STMicroelectronics.X-CUBE-AI.10.2.0.ModelStructureFile-1560093f6077ce130ddd88a6a33b52dd670d45236f030c1e4fddce49a8ce8c29=C\:\\Users\\trillinr\\Documents\\BenchmarkModels\\vww_96_int8.tflite
STMicroelectronics.X-CUBE-AI.10.2.0.ModelStructureFile-31f87c26dcb2291289d7961403921ec252d71589bf2aff17d48427e247d372f4=C\:\\Users\\trillinr\\Documents\\TinyML\\tiny_master\\benchmark\\training\\streaming_wakeword\\trained_models\\str_ww_ref_model.tflite
STMicroelectronics.X-CUBE-AI.10.2.0.ModelStructureFile-9eb4f3a6b8438f247ccbd07c82197e52e170eb49621bce23885e75a5ca7a0840=C\:\\Users\\trillinr\\Documents\\BenchmarkModels\\kws_ref_model.tflite
STMicroelectronics.X-CUBE-AI.10.2.0.ModelType-015a5403f04b39c68288f1907715f7fcd9a2b66544d6d13e6506360da4f69fe1=STM32Cube.AI MCU runtime
STMicroelectronics.X-CUBE-AI.10.2.0.ModelType-09395270d48c093b00f9a85af8a65a51b534c16785e9cc539d830e57bbe9d555=STM32Cube.AI MCU runtime
STMicroelectronics.X-CUBE-AI.10.2.0.ModelType-1560093f6077ce130ddd88a6a33b52dd670d45236f030c1e4fddce49a8ce8c29=STM32Cube.AI MCU runtime
STMicroelectronics.X-CUBE-AI.10.2.0.ModelType-31f87c26dcb2291289d7961403921ec252d71589bf2aff17d48427e247d372f4=STM32Cube.AI MCU runtime
STMicroelectronics.X-CUBE-AI.10.2.0.ModelType-9eb4f3a6b8438f247ccbd07c82197e52e170eb49621bce23885e75a5ca7a0840=STM32Cube.AI MCU runtime
STMicroelectronics.X-CUBE-AI.10.2.0.ReadyForCodeGeneration=true
STMicroelectronics.X-CUBE-AI.10.2.0.StackSize=0x800
STMicroelectronics.X-CUBE-AI.10.2.0.WorkingBufferStartAddrList=0xFFFFFFFF,0xFFFFFFFF,0xFFFFFFFF,0xFFFFFFFF,0xFFFFFFFF
STMicroelectronics.X-CUBE-AI.10.2.0.XAaCUBEAaAICcArtificialOoIntelligenceJjCore=true
STMicroelectronics.X-CUBE-AI.10.2.0.copyWeightToRam=false
STMicroelectronics.X-CUBE-AI.10.2.0.customLayerConfigEnabled=false
STMicroelectronics.X-CUBE-AI.10.2.0.noOnnxIoTranspose=false
STMicroelectronics.X-CUBE-AI.10.2.0.optimization=time
STMicroelectronics.X-CUBE-AI.10.2.0.useInputAllocation=true
STMicroelectronics.X-CUBE-AI.10.2.0.useOutputAllocation=true
STMicroelectronics.X-CUBE-AI.10.2.0_SwParameter=XAaCUBEAaAICcArtificialOoIntelligenceJjCore\:true;
USART1.BaudRate=9600
USART1.IPParameters=VirtualMode-Asynchronous,BaudRate
USART1.VirtualMode-Asynchronous=VM_ASYNC
USART3.IPParameters=VirtualMode-Asynchronous
USART3.VirtualMode-Asynchronous=VM_ASYNC
VP_MEMORYMAP_VS_MEMORYMAP.Mode=CurAppReg
VP_MEMORYMAP_VS_MEMORYMAP.Signal=MEMORYMAP_VS_MEMORYMAP
VP_SAI1_VP_$IpInstance_SAIA_SAI_BASIC.Mode=SAI_A_BASIC
VP_SAI1_VP_$IpInstance_SAIA_SAI_BASIC.Signal=SAI1_VP_$IpInstance_SAIA_SAI_BASIC
VP_STMicroelectronics.X-CUBE-AI_VS_ArtificialOoIntelligenceJjXAaCUBEAaAI_10.2.0.Mode=ArtificialOoIntelligenceJjXAaCUBEAaAI
VP_STMicroelectronics.X-CUBE-AI_VS_ArtificialOoIntelligenceJjXAaCUBEAaAI_10.2.0.Signal=STMicroelectronics.X-CUBE-AI_VS_ArtificialOoIntelligenceJjXAaCUBEAaAI_10.2.0
VP_SYS_VS_Systick.Mode=SysTick
VP_SYS_VS_Systick.Signal=SYS_VS_Systick
board=NUCLEO-H7A3ZI-Q
boardIOC=true
